// !$*UTF8*$!
{
	archiveVersion = 1;
	classes = {
	};
	objectVersion = 56;
	objects = {

/* Begin PBXBuildFile section */
		D631DA972AEE92A700E6827D /* AppDelegate.swift in Sources */ = {isa = PBXBuildFile; fileRef = D631DA962AEE92A700E6827D /* AppDelegate.swift */; };
		D631DA992AEE92A700E6827D /* SceneDelegate.swift in Sources */ = {isa = PBXBuildFile; fileRef = D631DA982AEE92A700E6827D /* SceneDelegate.swift */; };
		D631DA9B2AEE92A700E6827D /* LoginViewController.swift in Sources */ = {isa = PBXBuildFile; fileRef = D631DA9A2AEE92A700E6827D /* LoginViewController.swift */; };
		D631DA9E2AEE92A700E6827D /* LoginView.storyboard in Resources */ = {isa = PBXBuildFile; fileRef = D631DA9C2AEE92A700E6827D /* LoginView.storyboard */; };
		D631DAA12AEE92A700E6827D /* DragonBall.xcdatamodeld in Sources */ = {isa = PBXBuildFile; fileRef = D631DA9F2AEE92A700E6827D /* DragonBall.xcdatamodeld */; };
		D631DAA32AEE92A800E6827D /* Assets.xcassets in Resources */ = {isa = PBXBuildFile; fileRef = D631DAA22AEE92A800E6827D /* Assets.xcassets */; };
		D631DAA62AEE92A800E6827D /* LaunchScreen.storyboard in Resources */ = {isa = PBXBuildFile; fileRef = D631DAA42AEE92A800E6827D /* LaunchScreen.storyboard */; };
		D631DAB12AEE92A800E6827D /* DragonBallTests.swift in Sources */ = {isa = PBXBuildFile; fileRef = D631DAB02AEE92A800E6827D /* DragonBallTests.swift */; };
		D631DABB2AEE92A800E6827D /* DragonBallUITests.swift in Sources */ = {isa = PBXBuildFile; fileRef = D631DABA2AEE92A800E6827D /* DragonBallUITests.swift */; };
		D631DABD2AEE92A800E6827D /* DragonBallUITestsLaunchTests.swift in Sources */ = {isa = PBXBuildFile; fileRef = D631DABC2AEE92A800E6827D /* DragonBallUITestsLaunchTests.swift */; };
		D631DAEF2AEEA25900E6827D /* HomeView.storyboard in Resources */ = {isa = PBXBuildFile; fileRef = D631DAEE2AEEA25900E6827D /* HomeView.storyboard */; };
		D631DAF12AEEA32400E6827D /* HomeViewController.swift in Sources */ = {isa = PBXBuildFile; fileRef = D631DAF02AEEA32400E6827D /* HomeViewController.swift */; };
		D631DAF32AEEA34000E6827D /* HomeViewModel.swift in Sources */ = {isa = PBXBuildFile; fileRef = D631DAF22AEEA34000E6827D /* HomeViewModel.swift */; };
		D631DAF52AEEA43900E6827D /* LoginViewModel.swift in Sources */ = {isa = PBXBuildFile; fileRef = D631DAF42AEEA43900E6827D /* LoginViewModel.swift */; };
		D631DAF72AEEA45100E6827D /* DetailView.storyboard in Resources */ = {isa = PBXBuildFile; fileRef = D631DAF62AEEA45100E6827D /* DetailView.storyboard */; };
		D631DAF92AEEA49700E6827D /* DetailViewController.swift in Sources */ = {isa = PBXBuildFile; fileRef = D631DAF82AEEA49700E6827D /* DetailViewController.swift */; };
		D631DAFB2AEEA4E500E6827D /* DetailViewModel.swift in Sources */ = {isa = PBXBuildFile; fileRef = D631DAFA2AEEA4E500E6827D /* DetailViewModel.swift */; };
		D631DAFD2AEEA52400E6827D /* SplashViewController.swift in Sources */ = {isa = PBXBuildFile; fileRef = D631DAFC2AEEA52400E6827D /* SplashViewController.swift */; };
		D631DAFF2AEEA54F00E6827D /* SplashView.storyboard in Resources */ = {isa = PBXBuildFile; fileRef = D631DAFE2AEEA54F00E6827D /* SplashView.storyboard */; };
		D631DB012AEEA59400E6827D /* SplashViewModel.swift in Sources */ = {isa = PBXBuildFile; fileRef = D631DB002AEEA59400E6827D /* SplashViewModel.swift */; };
		D631DB052AEEA8F400E6827D /* CharacterViewCell.xib in Resources */ = {isa = PBXBuildFile; fileRef = D631DB042AEEA8F400E6827D /* CharacterViewCell.xib */; };
		D631DB072AEEA93C00E6827D /* CharacterViewCell.swift in Sources */ = {isa = PBXBuildFile; fileRef = D631DB062AEEA93C00E6827D /* CharacterViewCell.swift */; };
		D631DB0A2AEEB8E600E6827D /* KeychainSwift in Frameworks */ = {isa = PBXBuildFile; productRef = D631DB092AEEB8E600E6827D /* KeychainSwift */; };
		D631DB0D2AEEBA2E00E6827D /* Kingfisher in Frameworks */ = {isa = PBXBuildFile; productRef = D631DB0C2AEEBA2E00E6827D /* Kingfisher */; };
		D631DB0F2AEEC19600E6827D /* KeychainDataProvider.swift in Sources */ = {isa = PBXBuildFile; fileRef = D631DB0E2AEEC19600E6827D /* KeychainDataProvider.swift */; };
		D631DB112AEEC1FB00E6827D /* KeychainEnum.swift in Sources */ = {isa = PBXBuildFile; fileRef = D631DB102AEEC1FB00E6827D /* KeychainEnum.swift */; };
		D631DB132AEEC29F00E6827D /* SecureDataProviderProtocol.swift in Sources */ = {isa = PBXBuildFile; fileRef = D631DB122AEEC29F00E6827D /* SecureDataProviderProtocol.swift */; };
		D631DB152AEEC5B500E6827D /* DragonBallDataProviderProtocol.swift in Sources */ = {isa = PBXBuildFile; fileRef = D631DB142AEEC5B500E6827D /* DragonBallDataProviderProtocol.swift */; };
		D631DB172AEEC5F600E6827D /* DragonBallEndpointsEnum.swift in Sources */ = {isa = PBXBuildFile; fileRef = D631DB162AEEC5F600E6827D /* DragonBallEndpointsEnum.swift */; };
		D631DB192AEEC62900E6827D /* DragonBallDataProvider.swift in Sources */ = {isa = PBXBuildFile; fileRef = D631DB182AEEC62900E6827D /* DragonBallDataProvider.swift */; };
		D631DB1B2AEEC6C000E6827D /* CharacterDAO.swift in Sources */ = {isa = PBXBuildFile; fileRef = D631DB1A2AEEC6C000E6827D /* CharacterDAO.swift */; };
		D631DB1F2AEEC70600E6827D /* Character.swift in Sources */ = {isa = PBXBuildFile; fileRef = D631DB1E2AEEC70600E6827D /* Character.swift */; };
		D631DB212AEEC73D00E6827D /* CharacterLocationModel.swift in Sources */ = {isa = PBXBuildFile; fileRef = D631DB202AEEC73D00E6827D /* CharacterLocationModel.swift */; };
		D631DB232AEEC7A600E6827D /* SplashViewControllerDelegate.swift in Sources */ = {isa = PBXBuildFile; fileRef = D631DB222AEEC7A600E6827D /* SplashViewControllerDelegate.swift */; };
		D631DB252AEEC81F00E6827D /* LoginViewStateEnum.swift in Sources */ = {isa = PBXBuildFile; fileRef = D631DB242AEEC81F00E6827D /* LoginViewStateEnum.swift */; };
		D631DB272AEEC84100E6827D /* LoginViewControllerDelegate.swift in Sources */ = {isa = PBXBuildFile; fileRef = D631DB262AEEC84100E6827D /* LoginViewControllerDelegate.swift */; };
		D631DB292AEEC8C900E6827D /* HomeViewControllerDelegate.swift in Sources */ = {isa = PBXBuildFile; fileRef = D631DB282AEEC8C900E6827D /* HomeViewControllerDelegate.swift */; };
		D631DB2C2AEEC8FF00E6827D /* HomeViewStateEnum.swift in Sources */ = {isa = PBXBuildFile; fileRef = D631DB2B2AEEC8FF00E6827D /* HomeViewStateEnum.swift */; };
		D631DB2E2AEECBD600E6827D /* SplashViewStateEnum.swift in Sources */ = {isa = PBXBuildFile; fileRef = D631DB2D2AEECBD600E6827D /* SplashViewStateEnum.swift */; };
		D631DB302AEED0C800E6827D /* DetailViewControllerDelegate.swift in Sources */ = {isa = PBXBuildFile; fileRef = D631DB2F2AEED0C800E6827D /* DetailViewControllerDelegate.swift */; };
		D631DB322AEED13900E6827D /* DetailViewStateEnum.swift in Sources */ = {isa = PBXBuildFile; fileRef = D631DB312AEED13900E6827D /* DetailViewStateEnum.swift */; };
		D631DB342AEEDC8800E6827D /* CharacterMapPin.swift in Sources */ = {isa = PBXBuildFile; fileRef = D631DB332AEEDC8800E6827D /* CharacterMapPin.swift */; };
		D631DB362AEF03B100E6827D /* LocationDAO.swift in Sources */ = {isa = PBXBuildFile; fileRef = D631DB352AEF03B100E6827D /* LocationDAO.swift */; };
/* End PBXBuildFile section */

/* Begin PBXContainerItemProxy section */
		D631DAAD2AEE92A800E6827D /* PBXContainerItemProxy */ = {
			isa = PBXContainerItemProxy;
			containerPortal = D631DA8B2AEE92A700E6827D /* Project object */;
			proxyType = 1;
			remoteGlobalIDString = D631DA922AEE92A700E6827D;
			remoteInfo = DragonBall;
		};
		D631DAB72AEE92A800E6827D /* PBXContainerItemProxy */ = {
			isa = PBXContainerItemProxy;
			containerPortal = D631DA8B2AEE92A700E6827D /* Project object */;
			proxyType = 1;
			remoteGlobalIDString = D631DA922AEE92A700E6827D;
			remoteInfo = DragonBall;
		};
/* End PBXContainerItemProxy section */

/* Begin PBXFileReference section */
		D631DA932AEE92A700E6827D /* DragonBall.app */ = {isa = PBXFileReference; explicitFileType = wrapper.application; includeInIndex = 0; path = DragonBall.app; sourceTree = BUILT_PRODUCTS_DIR; };
		D631DA962AEE92A700E6827D /* AppDelegate.swift */ = {isa = PBXFileReference; lastKnownFileType = sourcecode.swift; path = AppDelegate.swift; sourceTree = "<group>"; };
		D631DA982AEE92A700E6827D /* SceneDelegate.swift */ = {isa = PBXFileReference; lastKnownFileType = sourcecode.swift; path = SceneDelegate.swift; sourceTree = "<group>"; };
		D631DA9A2AEE92A700E6827D /* LoginViewController.swift */ = {isa = PBXFileReference; lastKnownFileType = sourcecode.swift; path = LoginViewController.swift; sourceTree = "<group>"; };
		D631DA9D2AEE92A700E6827D /* Base */ = {isa = PBXFileReference; lastKnownFileType = file.storyboard; name = Base; path = Base.lproj/LoginView.storyboard; sourceTree = "<group>"; };
		D631DAA02AEE92A700E6827D /* DragonBall.xcdatamodel */ = {isa = PBXFileReference; lastKnownFileType = wrapper.xcdatamodel; path = DragonBall.xcdatamodel; sourceTree = "<group>"; };
		D631DAA22AEE92A800E6827D /* Assets.xcassets */ = {isa = PBXFileReference; lastKnownFileType = folder.assetcatalog; path = Assets.xcassets; sourceTree = "<group>"; };
		D631DAA52AEE92A800E6827D /* Base */ = {isa = PBXFileReference; lastKnownFileType = file.storyboard; name = Base; path = Base.lproj/LaunchScreen.storyboard; sourceTree = "<group>"; };
		D631DAA72AEE92A800E6827D /* Info.plist */ = {isa = PBXFileReference; lastKnownFileType = text.plist.xml; path = Info.plist; sourceTree = "<group>"; };
		D631DAAC2AEE92A800E6827D /* DragonBallTests.xctest */ = {isa = PBXFileReference; explicitFileType = wrapper.cfbundle; includeInIndex = 0; path = DragonBallTests.xctest; sourceTree = BUILT_PRODUCTS_DIR; };
		D631DAB02AEE92A800E6827D /* DragonBallTests.swift */ = {isa = PBXFileReference; lastKnownFileType = sourcecode.swift; path = DragonBallTests.swift; sourceTree = "<group>"; };
		D631DAB62AEE92A800E6827D /* DragonBallUITests.xctest */ = {isa = PBXFileReference; explicitFileType = wrapper.cfbundle; includeInIndex = 0; path = DragonBallUITests.xctest; sourceTree = BUILT_PRODUCTS_DIR; };
		D631DABA2AEE92A800E6827D /* DragonBallUITests.swift */ = {isa = PBXFileReference; lastKnownFileType = sourcecode.swift; path = DragonBallUITests.swift; sourceTree = "<group>"; };
		D631DABC2AEE92A800E6827D /* DragonBallUITestsLaunchTests.swift */ = {isa = PBXFileReference; lastKnownFileType = sourcecode.swift; path = DragonBallUITestsLaunchTests.swift; sourceTree = "<group>"; };
		D631DAEE2AEEA25900E6827D /* HomeView.storyboard */ = {isa = PBXFileReference; lastKnownFileType = file.storyboard; path = HomeView.storyboard; sourceTree = "<group>"; };
		D631DAF02AEEA32400E6827D /* HomeViewController.swift */ = {isa = PBXFileReference; lastKnownFileType = sourcecode.swift; path = HomeViewController.swift; sourceTree = "<group>"; };
		D631DAF22AEEA34000E6827D /* HomeViewModel.swift */ = {isa = PBXFileReference; lastKnownFileType = sourcecode.swift; path = HomeViewModel.swift; sourceTree = "<group>"; };
		D631DAF42AEEA43900E6827D /* LoginViewModel.swift */ = {isa = PBXFileReference; lastKnownFileType = sourcecode.swift; path = LoginViewModel.swift; sourceTree = "<group>"; };
		D631DAF62AEEA45100E6827D /* DetailView.storyboard */ = {isa = PBXFileReference; lastKnownFileType = file.storyboard; path = DetailView.storyboard; sourceTree = "<group>"; };
		D631DAF82AEEA49700E6827D /* DetailViewController.swift */ = {isa = PBXFileReference; lastKnownFileType = sourcecode.swift; path = DetailViewController.swift; sourceTree = "<group>"; };
		D631DAFA2AEEA4E500E6827D /* DetailViewModel.swift */ = {isa = PBXFileReference; lastKnownFileType = sourcecode.swift; path = DetailViewModel.swift; sourceTree = "<group>"; };
		D631DAFC2AEEA52400E6827D /* SplashViewController.swift */ = {isa = PBXFileReference; lastKnownFileType = sourcecode.swift; path = SplashViewController.swift; sourceTree = "<group>"; };
		D631DAFE2AEEA54F00E6827D /* SplashView.storyboard */ = {isa = PBXFileReference; lastKnownFileType = file.storyboard; path = SplashView.storyboard; sourceTree = "<group>"; };
		D631DB002AEEA59400E6827D /* SplashViewModel.swift */ = {isa = PBXFileReference; lastKnownFileType = sourcecode.swift; path = SplashViewModel.swift; sourceTree = "<group>"; };
		D631DB042AEEA8F400E6827D /* CharacterViewCell.xib */ = {isa = PBXFileReference; lastKnownFileType = file.xib; path = CharacterViewCell.xib; sourceTree = "<group>"; };
		D631DB062AEEA93C00E6827D /* CharacterViewCell.swift */ = {isa = PBXFileReference; lastKnownFileType = sourcecode.swift; path = CharacterViewCell.swift; sourceTree = "<group>"; };
		D631DB0E2AEEC19600E6827D /* KeychainDataProvider.swift */ = {isa = PBXFileReference; lastKnownFileType = sourcecode.swift; path = KeychainDataProvider.swift; sourceTree = "<group>"; };
		D631DB102AEEC1FB00E6827D /* KeychainEnum.swift */ = {isa = PBXFileReference; lastKnownFileType = sourcecode.swift; path = KeychainEnum.swift; sourceTree = "<group>"; };
		D631DB122AEEC29F00E6827D /* SecureDataProviderProtocol.swift */ = {isa = PBXFileReference; lastKnownFileType = sourcecode.swift; path = SecureDataProviderProtocol.swift; sourceTree = "<group>"; };
		D631DB142AEEC5B500E6827D /* DragonBallDataProviderProtocol.swift */ = {isa = PBXFileReference; lastKnownFileType = sourcecode.swift; path = DragonBallDataProviderProtocol.swift; sourceTree = "<group>"; };
		D631DB162AEEC5F600E6827D /* DragonBallEndpointsEnum.swift */ = {isa = PBXFileReference; lastKnownFileType = sourcecode.swift; path = DragonBallEndpointsEnum.swift; sourceTree = "<group>"; };
		D631DB182AEEC62900E6827D /* DragonBallDataProvider.swift */ = {isa = PBXFileReference; lastKnownFileType = sourcecode.swift; path = DragonBallDataProvider.swift; sourceTree = "<group>"; };
		D631DB1A2AEEC6C000E6827D /* CharacterDAO.swift */ = {isa = PBXFileReference; lastKnownFileType = sourcecode.swift; path = CharacterDAO.swift; sourceTree = "<group>"; };
		D631DB1E2AEEC70600E6827D /* Character.swift */ = {isa = PBXFileReference; lastKnownFileType = sourcecode.swift; path = Character.swift; sourceTree = "<group>"; };
		D631DB202AEEC73D00E6827D /* CharacterLocationModel.swift */ = {isa = PBXFileReference; lastKnownFileType = sourcecode.swift; path = CharacterLocationModel.swift; sourceTree = "<group>"; };
		D631DB222AEEC7A600E6827D /* SplashViewControllerDelegate.swift */ = {isa = PBXFileReference; lastKnownFileType = sourcecode.swift; path = SplashViewControllerDelegate.swift; sourceTree = "<group>"; };
		D631DB242AEEC81F00E6827D /* LoginViewStateEnum.swift */ = {isa = PBXFileReference; lastKnownFileType = sourcecode.swift; path = LoginViewStateEnum.swift; sourceTree = "<group>"; };
		D631DB262AEEC84100E6827D /* LoginViewControllerDelegate.swift */ = {isa = PBXFileReference; lastKnownFileType = sourcecode.swift; path = LoginViewControllerDelegate.swift; sourceTree = "<group>"; };
		D631DB282AEEC8C900E6827D /* HomeViewControllerDelegate.swift */ = {isa = PBXFileReference; lastKnownFileType = sourcecode.swift; path = HomeViewControllerDelegate.swift; sourceTree = "<group>"; };
		D631DB2B2AEEC8FF00E6827D /* HomeViewStateEnum.swift */ = {isa = PBXFileReference; lastKnownFileType = sourcecode.swift; path = HomeViewStateEnum.swift; sourceTree = "<group>"; };
		D631DB2D2AEECBD600E6827D /* SplashViewStateEnum.swift */ = {isa = PBXFileReference; lastKnownFileType = sourcecode.swift; path = SplashViewStateEnum.swift; sourceTree = "<group>"; };
		D631DB2F2AEED0C800E6827D /* DetailViewControllerDelegate.swift */ = {isa = PBXFileReference; lastKnownFileType = sourcecode.swift; path = DetailViewControllerDelegate.swift; sourceTree = "<group>"; };
		D631DB312AEED13900E6827D /* DetailViewStateEnum.swift */ = {isa = PBXFileReference; lastKnownFileType = sourcecode.swift; path = DetailViewStateEnum.swift; sourceTree = "<group>"; };
		D631DB332AEEDC8800E6827D /* CharacterMapPin.swift */ = {isa = PBXFileReference; lastKnownFileType = sourcecode.swift; path = CharacterMapPin.swift; sourceTree = "<group>"; };
		D631DB352AEF03B100E6827D /* LocationDAO.swift */ = {isa = PBXFileReference; lastKnownFileType = sourcecode.swift; path = LocationDAO.swift; sourceTree = "<group>"; };
/* End PBXFileReference section */

/* Begin PBXFrameworksBuildPhase section */
		D631DA902AEE92A700E6827D /* Frameworks */ = {
			isa = PBXFrameworksBuildPhase;
			buildActionMask = 2147483647;
			files = (
				D631DB0D2AEEBA2E00E6827D /* Kingfisher in Frameworks */,
				D631DB0A2AEEB8E600E6827D /* KeychainSwift in Frameworks */,
			);
			runOnlyForDeploymentPostprocessing = 0;
		};
		D631DAA92AEE92A800E6827D /* Frameworks */ = {
			isa = PBXFrameworksBuildPhase;
			buildActionMask = 2147483647;
			files = (
			);
			runOnlyForDeploymentPostprocessing = 0;
		};
		D631DAB32AEE92A800E6827D /* Frameworks */ = {
			isa = PBXFrameworksBuildPhase;
			buildActionMask = 2147483647;
			files = (
			);
			runOnlyForDeploymentPostprocessing = 0;
		};
/* End PBXFrameworksBuildPhase section */

/* Begin PBXGroup section */
		D631DA8A2AEE92A700E6827D = {
			isa = PBXGroup;
			children = (
				D631DA952AEE92A700E6827D /* DragonBall */,
				D631DAAF2AEE92A800E6827D /* DragonBallTests */,
				D631DAB92AEE92A800E6827D /* DragonBallUITests */,
				D631DA942AEE92A700E6827D /* Products */,
			);
			sourceTree = "<group>";
		};
		D631DA942AEE92A700E6827D /* Products */ = {
			isa = PBXGroup;
			children = (
				D631DA932AEE92A700E6827D /* DragonBall.app */,
				D631DAAC2AEE92A800E6827D /* DragonBallTests.xctest */,
				D631DAB62AEE92A800E6827D /* DragonBallUITests.xctest */,
			);
			name = Products;
			sourceTree = "<group>";
		};
		D631DA952AEE92A700E6827D /* DragonBall */ = {
			isa = PBXGroup;
			children = (
				D631DAE92AEE96ED00E6827D /* App */,
				D631DACD2AEE942700E6827D /* Protocols */,
				D631DACC2AEE942000E6827D /* Resources */,
				D631DACB2AEE941A00E6827D /* DataProviders */,
				D631DACA2AEE940F00E6827D /* Domain */,
				D631DAC92AEE940100E6827D /* UI */,
				D631DAA72AEE92A800E6827D /* Info.plist */,
			);
			path = DragonBall;
			sourceTree = "<group>";
		};
		D631DAAF2AEE92A800E6827D /* DragonBallTests */ = {
			isa = PBXGroup;
			children = (
				D631DAB02AEE92A800E6827D /* DragonBallTests.swift */,
			);
			path = DragonBallTests;
			sourceTree = "<group>";
		};
		D631DAB92AEE92A800E6827D /* DragonBallUITests */ = {
			isa = PBXGroup;
			children = (
				D631DABA2AEE92A800E6827D /* DragonBallUITests.swift */,
				D631DABC2AEE92A800E6827D /* DragonBallUITestsLaunchTests.swift */,
			);
			path = DragonBallUITests;
			sourceTree = "<group>";
		};
		D631DAC92AEE940100E6827D /* UI */ = {
			isa = PBXGroup;
			children = (
				D631DAD52AEE955B00E6827D /* Launch */,
				D631DAD62AEE956100E6827D /* Splash */,
				D631DAD42AEE954B00E6827D /* Login */,
				D631DAD72AEE956700E6827D /* Home */,
				D631DAD82AEE959C00E6827D /* Detail */,
			);
			path = UI;
			sourceTree = "<group>";
		};
		D631DACA2AEE940F00E6827D /* Domain */ = {
			isa = PBXGroup;
			children = (
				D631DAD22AEE94BA00E6827D /* Entities */,
				D631DAD02AEE946500E6827D /* Enums */,
				D631DACF2AEE945100E6827D /* Models */,
			);
			path = Domain;
			sourceTree = "<group>";
		};
		D631DACB2AEE941A00E6827D /* DataProviders */ = {
			isa = PBXGroup;
			children = (
				D631DAD32AEE94C300E6827D /* ExternalApi */,
				D631DAD12AEE948E00E6827D /* Local */,
			);
			path = DataProviders;
			sourceTree = "<group>";
		};
		D631DACC2AEE942000E6827D /* Resources */ = {
			isa = PBXGroup;
			children = (
				D631DAA22AEE92A800E6827D /* Assets.xcassets */,
			);
			path = Resources;
			sourceTree = "<group>";
		};
		D631DACD2AEE942700E6827D /* Protocols */ = {
			isa = PBXGroup;
			children = (
				D631DB122AEEC29F00E6827D /* SecureDataProviderProtocol.swift */,
				D631DB142AEEC5B500E6827D /* DragonBallDataProviderProtocol.swift */,
				D631DACE2AEE944400E6827D /* Delegates */,
			);
			path = Protocols;
			sourceTree = "<group>";
		};
		D631DACE2AEE944400E6827D /* Delegates */ = {
			isa = PBXGroup;
			children = (
				D631DB222AEEC7A600E6827D /* SplashViewControllerDelegate.swift */,
				D631DB262AEEC84100E6827D /* LoginViewControllerDelegate.swift */,
				D631DB282AEEC8C900E6827D /* HomeViewControllerDelegate.swift */,
				D631DB2F2AEED0C800E6827D /* DetailViewControllerDelegate.swift */,
			);
			path = Delegates;
			sourceTree = "<group>";
		};
		D631DACF2AEE945100E6827D /* Models */ = {
			isa = PBXGroup;
			children = (
				D631DB1E2AEEC70600E6827D /* Character.swift */,
				D631DB202AEEC73D00E6827D /* CharacterLocationModel.swift */,
			);
			path = Models;
			sourceTree = "<group>";
		};
		D631DAD02AEE946500E6827D /* Enums */ = {
			isa = PBXGroup;
			children = (
				D631DB2A2AEEC8F100E6827D /* ViewStates */,
				D631DB102AEEC1FB00E6827D /* KeychainEnum.swift */,
				D631DB162AEEC5F600E6827D /* DragonBallEndpointsEnum.swift */,
			);
			path = Enums;
			sourceTree = "<group>";
		};
		D631DAD12AEE948E00E6827D /* Local */ = {
			isa = PBXGroup;
			children = (
				D631DA9F2AEE92A700E6827D /* DragonBall.xcdatamodeld */,
				D631DB0E2AEEC19600E6827D /* KeychainDataProvider.swift */,
			);
			path = Local;
			sourceTree = "<group>";
		};
		D631DAD22AEE94BA00E6827D /* Entities */ = {
			isa = PBXGroup;
			children = (
				D631DB1A2AEEC6C000E6827D /* CharacterDAO.swift */,
				D631DB352AEF03B100E6827D /* LocationDAO.swift */,
			);
			path = Entities;
			sourceTree = "<group>";
		};
		D631DAD32AEE94C300E6827D /* ExternalApi */ = {
			isa = PBXGroup;
			children = (
				D631DB182AEEC62900E6827D /* DragonBallDataProvider.swift */,
			);
			path = ExternalApi;
			sourceTree = "<group>";
		};
		D631DAD42AEE954B00E6827D /* Login */ = {
			isa = PBXGroup;
			children = (
				D631DADF2AEE964B00E6827D /* Controllers */,
				D631DAE42AEE969C00E6827D /* Views */,
				D631DAE32AEE969700E6827D /* ViewModels */,
			);
			path = Login;
			sourceTree = "<group>";
		};
		D631DAD52AEE955B00E6827D /* Launch */ = {
			isa = PBXGroup;
			children = (
				D631DAE82AEE96B400E6827D /* Views */,
			);
			path = Launch;
			sourceTree = "<group>";
		};
		D631DAD62AEE956100E6827D /* Splash */ = {
			isa = PBXGroup;
			children = (
				D631DADE2AEE964600E6827D /* Controllers */,
				D631DAE62AEE96A900E6827D /* Views */,
				D631DAE52AEE96A300E6827D /* ViewModels */,
			);
			path = Splash;
			sourceTree = "<group>";
		};
		D631DAD72AEE956700E6827D /* Home */ = {
			isa = PBXGroup;
			children = (
				D631DAE02AEE966A00E6827D /* Controllers */,
				D631DAE12AEE966F00E6827D /* Views */,
				D631DAE22AEE969200E6827D /* ViewModels */,
			);
			path = Home;
			sourceTree = "<group>";
		};
		D631DAD82AEE959C00E6827D /* Detail */ = {
			isa = PBXGroup;
			children = (
				D631DAD92AEE95D300E6827D /* Controllers */,
				D631DADA2AEE95D900E6827D /* Views */,
				D631DADB2AEE95EF00E6827D /* ViewModels */,
			);
			path = Detail;
			sourceTree = "<group>";
		};
		D631DAD92AEE95D300E6827D /* Controllers */ = {
			isa = PBXGroup;
			children = (
				D631DB332AEEDC8800E6827D /* CharacterMapPin.swift */,
				D631DAF82AEEA49700E6827D /* DetailViewController.swift */,
			);
			path = Controllers;
			sourceTree = "<group>";
		};
		D631DADA2AEE95D900E6827D /* Views */ = {
			isa = PBXGroup;
			children = (
				D631DAF62AEEA45100E6827D /* DetailView.storyboard */,
			);
			path = Views;
			sourceTree = "<group>";
		};
		D631DADB2AEE95EF00E6827D /* ViewModels */ = {
			isa = PBXGroup;
			children = (
				D631DAFA2AEEA4E500E6827D /* DetailViewModel.swift */,
			);
			path = ViewModels;
			sourceTree = "<group>";
		};
		D631DADE2AEE964600E6827D /* Controllers */ = {
			isa = PBXGroup;
			children = (
				D631DAFC2AEEA52400E6827D /* SplashViewController.swift */,
			);
			path = Controllers;
			sourceTree = "<group>";
		};
		D631DADF2AEE964B00E6827D /* Controllers */ = {
			isa = PBXGroup;
			children = (
				D631DA9A2AEE92A700E6827D /* LoginViewController.swift */,
			);
			path = Controllers;
			sourceTree = "<group>";
		};
		D631DAE02AEE966A00E6827D /* Controllers */ = {
			isa = PBXGroup;
			children = (
				D631DAF02AEEA32400E6827D /* HomeViewController.swift */,
				D631DB062AEEA93C00E6827D /* CharacterViewCell.swift */,
			);
			path = Controllers;
			sourceTree = "<group>";
		};
		D631DAE12AEE966F00E6827D /* Views */ = {
			isa = PBXGroup;
			children = (
				D631DAEE2AEEA25900E6827D /* HomeView.storyboard */,
				D631DB042AEEA8F400E6827D /* CharacterViewCell.xib */,
			);
			path = Views;
			sourceTree = "<group>";
		};
		D631DAE22AEE969200E6827D /* ViewModels */ = {
			isa = PBXGroup;
			children = (
				D631DAF22AEEA34000E6827D /* HomeViewModel.swift */,
			);
			path = ViewModels;
			sourceTree = "<group>";
		};
		D631DAE32AEE969700E6827D /* ViewModels */ = {
			isa = PBXGroup;
			children = (
				D631DAF42AEEA43900E6827D /* LoginViewModel.swift */,
			);
			path = ViewModels;
			sourceTree = "<group>";
		};
		D631DAE42AEE969C00E6827D /* Views */ = {
			isa = PBXGroup;
			children = (
				D631DA9C2AEE92A700E6827D /* LoginView.storyboard */,
			);
			path = Views;
			sourceTree = "<group>";
		};
		D631DAE52AEE96A300E6827D /* ViewModels */ = {
			isa = PBXGroup;
			children = (
				D631DB002AEEA59400E6827D /* SplashViewModel.swift */,
			);
			path = ViewModels;
			sourceTree = "<group>";
		};
		D631DAE62AEE96A900E6827D /* Views */ = {
			isa = PBXGroup;
			children = (
				D631DAFE2AEEA54F00E6827D /* SplashView.storyboard */,
			);
			path = Views;
			sourceTree = "<group>";
		};
		D631DAE82AEE96B400E6827D /* Views */ = {
			isa = PBXGroup;
			children = (
				D631DAA42AEE92A800E6827D /* LaunchScreen.storyboard */,
			);
			path = Views;
			sourceTree = "<group>";
		};
		D631DAE92AEE96ED00E6827D /* App */ = {
			isa = PBXGroup;
			children = (
				D631DA962AEE92A700E6827D /* AppDelegate.swift */,
				D631DA982AEE92A700E6827D /* SceneDelegate.swift */,
			);
			path = App;
			sourceTree = "<group>";
		};
		D631DB2A2AEEC8F100E6827D /* ViewStates */ = {
			isa = PBXGroup;
			children = (
				D631DB242AEEC81F00E6827D /* LoginViewStateEnum.swift */,
				D631DB2B2AEEC8FF00E6827D /* HomeViewStateEnum.swift */,
				D631DB2D2AEECBD600E6827D /* SplashViewStateEnum.swift */,
				D631DB312AEED13900E6827D /* DetailViewStateEnum.swift */,
			);
			path = ViewStates;
			sourceTree = "<group>";
		};
/* End PBXGroup section */

/* Begin PBXNativeTarget section */
		D631DA922AEE92A700E6827D /* DragonBall */ = {
			isa = PBXNativeTarget;
			buildConfigurationList = D631DAC02AEE92A800E6827D /* Build configuration list for PBXNativeTarget "DragonBall" */;
			buildPhases = (
				D631DA8F2AEE92A700E6827D /* Sources */,
				D631DA902AEE92A700E6827D /* Frameworks */,
				D631DA912AEE92A700E6827D /* Resources */,
			);
			buildRules = (
			);
			dependencies = (
			);
			name = DragonBall;
			packageProductDependencies = (
				D631DB092AEEB8E600E6827D /* KeychainSwift */,
				D631DB0C2AEEBA2E00E6827D /* Kingfisher */,
			);
			productName = DragonBall;
			productReference = D631DA932AEE92A700E6827D /* DragonBall.app */;
			productType = "com.apple.product-type.application";
		};
		D631DAAB2AEE92A800E6827D /* DragonBallTests */ = {
			isa = PBXNativeTarget;
			buildConfigurationList = D631DAC32AEE92A800E6827D /* Build configuration list for PBXNativeTarget "DragonBallTests" */;
			buildPhases = (
				D631DAA82AEE92A800E6827D /* Sources */,
				D631DAA92AEE92A800E6827D /* Frameworks */,
				D631DAAA2AEE92A800E6827D /* Resources */,
			);
			buildRules = (
			);
			dependencies = (
				D631DAAE2AEE92A800E6827D /* PBXTargetDependency */,
			);
			name = DragonBallTests;
			productName = DragonBallTests;
			productReference = D631DAAC2AEE92A800E6827D /* DragonBallTests.xctest */;
			productType = "com.apple.product-type.bundle.unit-test";
		};
		D631DAB52AEE92A800E6827D /* DragonBallUITests */ = {
			isa = PBXNativeTarget;
			buildConfigurationList = D631DAC62AEE92A800E6827D /* Build configuration list for PBXNativeTarget "DragonBallUITests" */;
			buildPhases = (
				D631DAB22AEE92A800E6827D /* Sources */,
				D631DAB32AEE92A800E6827D /* Frameworks */,
				D631DAB42AEE92A800E6827D /* Resources */,
			);
			buildRules = (
			);
			dependencies = (
				D631DAB82AEE92A800E6827D /* PBXTargetDependency */,
			);
			name = DragonBallUITests;
			productName = DragonBallUITests;
			productReference = D631DAB62AEE92A800E6827D /* DragonBallUITests.xctest */;
			productType = "com.apple.product-type.bundle.ui-testing";
		};
/* End PBXNativeTarget section */

/* Begin PBXProject section */
		D631DA8B2AEE92A700E6827D /* Project object */ = {
			isa = PBXProject;
			attributes = {
				BuildIndependentTargetsInParallel = 1;
				LastSwiftUpdateCheck = 1500;
				LastUpgradeCheck = 1500;
				TargetAttributes = {
					D631DA922AEE92A700E6827D = {
						CreatedOnToolsVersion = 15.0.1;
					};
					D631DAAB2AEE92A800E6827D = {
						CreatedOnToolsVersion = 15.0.1;
						TestTargetID = D631DA922AEE92A700E6827D;
					};
					D631DAB52AEE92A800E6827D = {
						CreatedOnToolsVersion = 15.0.1;
						TestTargetID = D631DA922AEE92A700E6827D;
					};
				};
			};
			buildConfigurationList = D631DA8E2AEE92A700E6827D /* Build configuration list for PBXProject "DragonBall" */;
			compatibilityVersion = "Xcode 14.0";
			developmentRegion = en;
			hasScannedForEncodings = 0;
			knownRegions = (
				en,
				Base,
			);
			mainGroup = D631DA8A2AEE92A700E6827D;
			packageReferences = (
				D631DB082AEEB8E600E6827D /* XCRemoteSwiftPackageReference "keychain-swift" */,
				D631DB0B2AEEBA2E00E6827D /* XCRemoteSwiftPackageReference "Kingfisher" */,
			);
			productRefGroup = D631DA942AEE92A700E6827D /* Products */;
			projectDirPath = "";
			projectRoot = "";
			targets = (
				D631DA922AEE92A700E6827D /* DragonBall */,
				D631DAAB2AEE92A800E6827D /* DragonBallTests */,
				D631DAB52AEE92A800E6827D /* DragonBallUITests */,
			);
		};
/* End PBXProject section */

/* Begin PBXResourcesBuildPhase section */
		D631DA912AEE92A700E6827D /* Resources */ = {
			isa = PBXResourcesBuildPhase;
			buildActionMask = 2147483647;
			files = (
				D631DB052AEEA8F400E6827D /* CharacterViewCell.xib in Resources */,
				D631DAA62AEE92A800E6827D /* LaunchScreen.storyboard in Resources */,
				D631DAA32AEE92A800E6827D /* Assets.xcassets in Resources */,
				D631DAEF2AEEA25900E6827D /* HomeView.storyboard in Resources */,
				D631DAF72AEEA45100E6827D /* DetailView.storyboard in Resources */,
				D631DAFF2AEEA54F00E6827D /* SplashView.storyboard in Resources */,
				D631DA9E2AEE92A700E6827D /* LoginView.storyboard in Resources */,
			);
			runOnlyForDeploymentPostprocessing = 0;
		};
		D631DAAA2AEE92A800E6827D /* Resources */ = {
			isa = PBXResourcesBuildPhase;
			buildActionMask = 2147483647;
			files = (
			);
			runOnlyForDeploymentPostprocessing = 0;
		};
		D631DAB42AEE92A800E6827D /* Resources */ = {
			isa = PBXResourcesBuildPhase;
			buildActionMask = 2147483647;
			files = (
			);
			runOnlyForDeploymentPostprocessing = 0;
		};
/* End PBXResourcesBuildPhase section */

/* Begin PBXSourcesBuildPhase section */
		D631DA8F2AEE92A700E6827D /* Sources */ = {
			isa = PBXSourcesBuildPhase;
			buildActionMask = 2147483647;
			files = (
				D631DB112AEEC1FB00E6827D /* KeychainEnum.swift in Sources */,
				D631DB1F2AEEC70600E6827D /* Character.swift in Sources */,
				D631DAF12AEEA32400E6827D /* HomeViewController.swift in Sources */,
				D631DB292AEEC8C900E6827D /* HomeViewControllerDelegate.swift in Sources */,
				D631DB0F2AEEC19600E6827D /* KeychainDataProvider.swift in Sources */,
				D631DAF32AEEA34000E6827D /* HomeViewModel.swift in Sources */,
				D631DB1B2AEEC6C000E6827D /* CharacterDAO.swift in Sources */,
				D631DB172AEEC5F600E6827D /* DragonBallEndpointsEnum.swift in Sources */,
				D631DB302AEED0C800E6827D /* DetailViewControllerDelegate.swift in Sources */,
				D631DA9B2AEE92A700E6827D /* LoginViewController.swift in Sources */,
				D631DAA12AEE92A700E6827D /* DragonBall.xcdatamodeld in Sources */,
				D631DB132AEEC29F00E6827D /* SecureDataProviderProtocol.swift in Sources */,
				D631DB2E2AEECBD600E6827D /* SplashViewStateEnum.swift in Sources */,
				D631DB192AEEC62900E6827D /* DragonBallDataProvider.swift in Sources */,
				D631DB012AEEA59400E6827D /* SplashViewModel.swift in Sources */,
				D631DB362AEF03B100E6827D /* LocationDAO.swift in Sources */,
				D631DAFB2AEEA4E500E6827D /* DetailViewModel.swift in Sources */,
				D631DB212AEEC73D00E6827D /* CharacterLocationModel.swift in Sources */,
				D631DB232AEEC7A600E6827D /* SplashViewControllerDelegate.swift in Sources */,
				D631DB072AEEA93C00E6827D /* CharacterViewCell.swift in Sources */,
				D631DA972AEE92A700E6827D /* AppDelegate.swift in Sources */,
				D631DB342AEEDC8800E6827D /* CharacterMapPin.swift in Sources */,
				D631DB2C2AEEC8FF00E6827D /* HomeViewStateEnum.swift in Sources */,
				D631DA992AEE92A700E6827D /* SceneDelegate.swift in Sources */,
				D631DB152AEEC5B500E6827D /* DragonBallDataProviderProtocol.swift in Sources */,
				D631DAF52AEEA43900E6827D /* LoginViewModel.swift in Sources */,
				D631DB322AEED13900E6827D /* DetailViewStateEnum.swift in Sources */,
				D631DAF92AEEA49700E6827D /* DetailViewController.swift in Sources */,
				D631DB272AEEC84100E6827D /* LoginViewControllerDelegate.swift in Sources */,
				D631DB252AEEC81F00E6827D /* LoginViewStateEnum.swift in Sources */,
				D631DAFD2AEEA52400E6827D /* SplashViewController.swift in Sources */,
			);
			runOnlyForDeploymentPostprocessing = 0;
		};
		D631DAA82AEE92A800E6827D /* Sources */ = {
			isa = PBXSourcesBuildPhase;
			buildActionMask = 2147483647;
			files = (
				D631DAB12AEE92A800E6827D /* DragonBallTests.swift in Sources */,
			);
			runOnlyForDeploymentPostprocessing = 0;
		};
		D631DAB22AEE92A800E6827D /* Sources */ = {
			isa = PBXSourcesBuildPhase;
			buildActionMask = 2147483647;
			files = (
				D631DABD2AEE92A800E6827D /* DragonBallUITestsLaunchTests.swift in Sources */,
				D631DABB2AEE92A800E6827D /* DragonBallUITests.swift in Sources */,
			);
			runOnlyForDeploymentPostprocessing = 0;
		};
/* End PBXSourcesBuildPhase section */

/* Begin PBXTargetDependency section */
		D631DAAE2AEE92A800E6827D /* PBXTargetDependency */ = {
			isa = PBXTargetDependency;
			target = D631DA922AEE92A700E6827D /* DragonBall */;
			targetProxy = D631DAAD2AEE92A800E6827D /* PBXContainerItemProxy */;
		};
		D631DAB82AEE92A800E6827D /* PBXTargetDependency */ = {
			isa = PBXTargetDependency;
			target = D631DA922AEE92A700E6827D /* DragonBall */;
			targetProxy = D631DAB72AEE92A800E6827D /* PBXContainerItemProxy */;
		};
/* End PBXTargetDependency section */

/* Begin PBXVariantGroup section */
		D631DA9C2AEE92A700E6827D /* LoginView.storyboard */ = {
			isa = PBXVariantGroup;
			children = (
				D631DA9D2AEE92A700E6827D /* Base */,
			);
			name = LoginView.storyboard;
			sourceTree = "<group>";
		};
		D631DAA42AEE92A800E6827D /* LaunchScreen.storyboard */ = {
			isa = PBXVariantGroup;
			children = (
				D631DAA52AEE92A800E6827D /* Base */,
			);
			name = LaunchScreen.storyboard;
			sourceTree = "<group>";
		};
/* End PBXVariantGroup section */

/* Begin XCBuildConfiguration section */
		D631DABE2AEE92A800E6827D /* Debug */ = {
			isa = XCBuildConfiguration;
			buildSettings = {
				ALWAYS_SEARCH_USER_PATHS = NO;
				ASSETCATALOG_COMPILER_GENERATE_SWIFT_ASSET_SYMBOL_EXTENSIONS = YES;
				CLANG_ANALYZER_NONNULL = YES;
				CLANG_ANALYZER_NUMBER_OBJECT_CONVERSION = YES_AGGRESSIVE;
				CLANG_CXX_LANGUAGE_STANDARD = "gnu++20";
				CLANG_ENABLE_MODULES = YES;
				CLANG_ENABLE_OBJC_ARC = YES;
				CLANG_ENABLE_OBJC_WEAK = YES;
				CLANG_WARN_BLOCK_CAPTURE_AUTORELEASING = YES;
				CLANG_WARN_BOOL_CONVERSION = YES;
				CLANG_WARN_COMMA = YES;
				CLANG_WARN_CONSTANT_CONVERSION = YES;
				CLANG_WARN_DEPRECATED_OBJC_IMPLEMENTATIONS = YES;
				CLANG_WARN_DIRECT_OBJC_ISA_USAGE = YES_ERROR;
				CLANG_WARN_DOCUMENTATION_COMMENTS = YES;
				CLANG_WARN_EMPTY_BODY = YES;
				CLANG_WARN_ENUM_CONVERSION = YES;
				CLANG_WARN_INFINITE_RECURSION = YES;
				CLANG_WARN_INT_CONVERSION = YES;
				CLANG_WARN_NON_LITERAL_NULL_CONVERSION = YES;
				CLANG_WARN_OBJC_IMPLICIT_RETAIN_SELF = YES;
				CLANG_WARN_OBJC_LITERAL_CONVERSION = YES;
				CLANG_WARN_OBJC_ROOT_CLASS = YES_ERROR;
				CLANG_WARN_QUOTED_INCLUDE_IN_FRAMEWORK_HEADER = YES;
				CLANG_WARN_RANGE_LOOP_ANALYSIS = YES;
				CLANG_WARN_STRICT_PROTOTYPES = YES;
				CLANG_WARN_SUSPICIOUS_MOVE = YES;
				CLANG_WARN_UNGUARDED_AVAILABILITY = YES_AGGRESSIVE;
				CLANG_WARN_UNREACHABLE_CODE = YES;
				CLANG_WARN__DUPLICATE_METHOD_MATCH = YES;
				COPY_PHASE_STRIP = NO;
				DEBUG_INFORMATION_FORMAT = dwarf;
				ENABLE_STRICT_OBJC_MSGSEND = YES;
				ENABLE_TESTABILITY = YES;
				ENABLE_USER_SCRIPT_SANDBOXING = YES;
				GCC_C_LANGUAGE_STANDARD = gnu17;
				GCC_DYNAMIC_NO_PIC = NO;
				GCC_NO_COMMON_BLOCKS = YES;
				GCC_OPTIMIZATION_LEVEL = 0;
				GCC_PREPROCESSOR_DEFINITIONS = (
					"DEBUG=1",
					"$(inherited)",
				);
				GCC_WARN_64_TO_32_BIT_CONVERSION = YES;
				GCC_WARN_ABOUT_RETURN_TYPE = YES_ERROR;
				GCC_WARN_UNDECLARED_SELECTOR = YES;
				GCC_WARN_UNINITIALIZED_AUTOS = YES_AGGRESSIVE;
				GCC_WARN_UNUSED_FUNCTION = YES;
				GCC_WARN_UNUSED_VARIABLE = YES;
				IPHONEOS_DEPLOYMENT_TARGET = 17.0;
				LOCALIZATION_PREFERS_STRING_CATALOGS = YES;
				MTL_ENABLE_DEBUG_INFO = INCLUDE_SOURCE;
				MTL_FAST_MATH = YES;
				ONLY_ACTIVE_ARCH = YES;
				SDKROOT = iphoneos;
				SWIFT_ACTIVE_COMPILATION_CONDITIONS = "DEBUG $(inherited)";
				SWIFT_OPTIMIZATION_LEVEL = "-Onone";
			};
			name = Debug;
		};
		D631DABF2AEE92A800E6827D /* Release */ = {
			isa = XCBuildConfiguration;
			buildSettings = {
				ALWAYS_SEARCH_USER_PATHS = NO;
				ASSETCATALOG_COMPILER_GENERATE_SWIFT_ASSET_SYMBOL_EXTENSIONS = YES;
				CLANG_ANALYZER_NONNULL = YES;
				CLANG_ANALYZER_NUMBER_OBJECT_CONVERSION = YES_AGGRESSIVE;
				CLANG_CXX_LANGUAGE_STANDARD = "gnu++20";
				CLANG_ENABLE_MODULES = YES;
				CLANG_ENABLE_OBJC_ARC = YES;
				CLANG_ENABLE_OBJC_WEAK = YES;
				CLANG_WARN_BLOCK_CAPTURE_AUTORELEASING = YES;
				CLANG_WARN_BOOL_CONVERSION = YES;
				CLANG_WARN_COMMA = YES;
				CLANG_WARN_CONSTANT_CONVERSION = YES;
				CLANG_WARN_DEPRECATED_OBJC_IMPLEMENTATIONS = YES;
				CLANG_WARN_DIRECT_OBJC_ISA_USAGE = YES_ERROR;
				CLANG_WARN_DOCUMENTATION_COMMENTS = YES;
				CLANG_WARN_EMPTY_BODY = YES;
				CLANG_WARN_ENUM_CONVERSION = YES;
				CLANG_WARN_INFINITE_RECURSION = YES;
				CLANG_WARN_INT_CONVERSION = YES;
				CLANG_WARN_NON_LITERAL_NULL_CONVERSION = YES;
				CLANG_WARN_OBJC_IMPLICIT_RETAIN_SELF = YES;
				CLANG_WARN_OBJC_LITERAL_CONVERSION = YES;
				CLANG_WARN_OBJC_ROOT_CLASS = YES_ERROR;
				CLANG_WARN_QUOTED_INCLUDE_IN_FRAMEWORK_HEADER = YES;
				CLANG_WARN_RANGE_LOOP_ANALYSIS = YES;
				CLANG_WARN_STRICT_PROTOTYPES = YES;
				CLANG_WARN_SUSPICIOUS_MOVE = YES;
				CLANG_WARN_UNGUARDED_AVAILABILITY = YES_AGGRESSIVE;
				CLANG_WARN_UNREACHABLE_CODE = YES;
				CLANG_WARN__DUPLICATE_METHOD_MATCH = YES;
				COPY_PHASE_STRIP = NO;
				DEBUG_INFORMATION_FORMAT = "dwarf-with-dsym";
				ENABLE_NS_ASSERTIONS = NO;
				ENABLE_STRICT_OBJC_MSGSEND = YES;
				ENABLE_USER_SCRIPT_SANDBOXING = YES;
				GCC_C_LANGUAGE_STANDARD = gnu17;
				GCC_NO_COMMON_BLOCKS = YES;
				GCC_WARN_64_TO_32_BIT_CONVERSION = YES;
				GCC_WARN_ABOUT_RETURN_TYPE = YES_ERROR;
				GCC_WARN_UNDECLARED_SELECTOR = YES;
				GCC_WARN_UNINITIALIZED_AUTOS = YES_AGGRESSIVE;
				GCC_WARN_UNUSED_FUNCTION = YES;
				GCC_WARN_UNUSED_VARIABLE = YES;
				IPHONEOS_DEPLOYMENT_TARGET = 17.0;
				LOCALIZATION_PREFERS_STRING_CATALOGS = YES;
				MTL_ENABLE_DEBUG_INFO = NO;
				MTL_FAST_MATH = YES;
				SDKROOT = iphoneos;
				SWIFT_COMPILATION_MODE = wholemodule;
				VALIDATE_PRODUCT = YES;
			};
			name = Release;
		};
		D631DAC12AEE92A800E6827D /* Debug */ = {
			isa = XCBuildConfiguration;
			buildSettings = {
				ASSETCATALOG_COMPILER_APPICON_NAME = AppIcon;
				ASSETCATALOG_COMPILER_GLOBAL_ACCENT_COLOR_NAME = AccentColor;
				CODE_SIGN_STYLE = Automatic;
				CURRENT_PROJECT_VERSION = 1;
				DEVELOPMENT_TEAM = KK7C9KD449;
				GENERATE_INFOPLIST_FILE = YES;
				INFOPLIST_FILE = DragonBall/Info.plist;
				INFOPLIST_KEY_UIApplicationSupportsIndirectInputEvents = YES;
				INFOPLIST_KEY_UILaunchStoryboardName = LaunchScreen;
				INFOPLIST_KEY_UISupportedInterfaceOrientations_iPad = "UIInterfaceOrientationPortrait UIInterfaceOrientationPortraitUpsideDown UIInterfaceOrientationLandscapeLeft UIInterfaceOrientationLandscapeRight";
				INFOPLIST_KEY_UISupportedInterfaceOrientations_iPhone = "UIInterfaceOrientationPortrait UIInterfaceOrientationLandscapeLeft UIInterfaceOrientationLandscapeRight";
				LD_RUNPATH_SEARCH_PATHS = (
					"$(inherited)",
					"@executable_path/Frameworks",
				);
				MARKETING_VERSION = 1.0;
				PRODUCT_BUNDLE_IDENTIFIER = "com.gonzalo-gregorio.DragonBall";
				PRODUCT_NAME = "$(TARGET_NAME)";
				SWIFT_EMIT_LOC_STRINGS = YES;
				SWIFT_VERSION = 5.0;
				TARGETED_DEVICE_FAMILY = "1,2";
			};
			name = Debug;
		};
		D631DAC22AEE92A800E6827D /* Release */ = {
			isa = XCBuildConfiguration;
			buildSettings = {
				ASSETCATALOG_COMPILER_APPICON_NAME = AppIcon;
				ASSETCATALOG_COMPILER_GLOBAL_ACCENT_COLOR_NAME = AccentColor;
				CODE_SIGN_STYLE = Automatic;
				CURRENT_PROJECT_VERSION = 1;
				DEVELOPMENT_TEAM = KK7C9KD449;
				GENERATE_INFOPLIST_FILE = YES;
				INFOPLIST_FILE = DragonBall/Info.plist;
				INFOPLIST_KEY_UIApplicationSupportsIndirectInputEvents = YES;
				INFOPLIST_KEY_UILaunchStoryboardName = LaunchScreen;
				INFOPLIST_KEY_UISupportedInterfaceOrientations_iPad = "UIInterfaceOrientationPortrait UIInterfaceOrientationPortraitUpsideDown UIInterfaceOrientationLandscapeLeft UIInterfaceOrientationLandscapeRight";
				INFOPLIST_KEY_UISupportedInterfaceOrientations_iPhone = "UIInterfaceOrientationPortrait UIInterfaceOrientationLandscapeLeft UIInterfaceOrientationLandscapeRight";
				LD_RUNPATH_SEARCH_PATHS = (
					"$(inherited)",
					"@executable_path/Frameworks",
				);
				MARKETING_VERSION = 1.0;
				PRODUCT_BUNDLE_IDENTIFIER = "com.gonzalo-gregorio.DragonBall";
				PRODUCT_NAME = "$(TARGET_NAME)";
				SWIFT_EMIT_LOC_STRINGS = YES;
				SWIFT_VERSION = 5.0;
				TARGETED_DEVICE_FAMILY = "1,2";
			};
			name = Release;
		};
		D631DAC42AEE92A800E6827D /* Debug */ = {
			isa = XCBuildConfiguration;
			buildSettings = {
				ALWAYS_EMBED_SWIFT_STANDARD_LIBRARIES = YES;
				BUNDLE_LOADER = "$(TEST_HOST)";
				CODE_SIGN_STYLE = Automatic;
				CURRENT_PROJECT_VERSION = 1;
				DEVELOPMENT_TEAM = KK7C9KD449;
				GENERATE_INFOPLIST_FILE = YES;
				IPHONEOS_DEPLOYMENT_TARGET = 17.0;
				MARKETING_VERSION = 1.0;
				PRODUCT_BUNDLE_IDENTIFIER = "com.gonzalo-gregorio.DragonBallTests";
				PRODUCT_NAME = "$(TARGET_NAME)";
				SWIFT_EMIT_LOC_STRINGS = NO;
				SWIFT_VERSION = 5.0;
				TARGETED_DEVICE_FAMILY = "1,2";
				TEST_HOST = "$(BUILT_PRODUCTS_DIR)/DragonBall.app/$(BUNDLE_EXECUTABLE_FOLDER_PATH)/DragonBall";
			};
			name = Debug;
		};
		D631DAC52AEE92A800E6827D /* Release */ = {
			isa = XCBuildConfiguration;
			buildSettings = {
				ALWAYS_EMBED_SWIFT_STANDARD_LIBRARIES = YES;
				BUNDLE_LOADER = "$(TEST_HOST)";
				CODE_SIGN_STYLE = Automatic;
				CURRENT_PROJECT_VERSION = 1;
				DEVELOPMENT_TEAM = KK7C9KD449;
				GENERATE_INFOPLIST_FILE = YES;
				IPHONEOS_DEPLOYMENT_TARGET = 17.0;
				MARKETING_VERSION = 1.0;
				PRODUCT_BUNDLE_IDENTIFIER = "com.gonzalo-gregorio.DragonBallTests";
				PRODUCT_NAME = "$(TARGET_NAME)";
				SWIFT_EMIT_LOC_STRINGS = NO;
				SWIFT_VERSION = 5.0;
				TARGETED_DEVICE_FAMILY = "1,2";
				TEST_HOST = "$(BUILT_PRODUCTS_DIR)/DragonBall.app/$(BUNDLE_EXECUTABLE_FOLDER_PATH)/DragonBall";
			};
			name = Release;
		};
		D631DAC72AEE92A800E6827D /* Debug */ = {
			isa = XCBuildConfiguration;
			buildSettings = {
				ALWAYS_EMBED_SWIFT_STANDARD_LIBRARIES = YES;
				CODE_SIGN_STYLE = Automatic;
				CURRENT_PROJECT_VERSION = 1;
				DEVELOPMENT_TEAM = KK7C9KD449;
				GENERATE_INFOPLIST_FILE = YES;
				MARKETING_VERSION = 1.0;
				PRODUCT_BUNDLE_IDENTIFIER = "com.gonzalo-gregorio.DragonBallUITests";
				PRODUCT_NAME = "$(TARGET_NAME)";
				SWIFT_EMIT_LOC_STRINGS = NO;
				SWIFT_VERSION = 5.0;
				TARGETED_DEVICE_FAMILY = "1,2";
				TEST_TARGET_NAME = DragonBall;
			};
			name = Debug;
		};
		D631DAC82AEE92A800E6827D /* Release */ = {
			isa = XCBuildConfiguration;
			buildSettings = {
				ALWAYS_EMBED_SWIFT_STANDARD_LIBRARIES = YES;
				CODE_SIGN_STYLE = Automatic;
				CURRENT_PROJECT_VERSION = 1;
				DEVELOPMENT_TEAM = KK7C9KD449;
				GENERATE_INFOPLIST_FILE = YES;
				MARKETING_VERSION = 1.0;
				PRODUCT_BUNDLE_IDENTIFIER = "com.gonzalo-gregorio.DragonBallUITests";
				PRODUCT_NAME = "$(TARGET_NAME)";
				SWIFT_EMIT_LOC_STRINGS = NO;
				SWIFT_VERSION = 5.0;
				TARGETED_DEVICE_FAMILY = "1,2";
				TEST_TARGET_NAME = DragonBall;
			};
			name = Release;
		};
/* End XCBuildConfiguration section */

/* Begin XCConfigurationList section */
		D631DA8E2AEE92A700E6827D /* Build configuration list for PBXProject "DragonBall" */ = {
			isa = XCConfigurationList;
			buildConfigurations = (
				D631DABE2AEE92A800E6827D /* Debug */,
				D631DABF2AEE92A800E6827D /* Release */,
			);
			defaultConfigurationIsVisible = 0;
			defaultConfigurationName = Release;
		};
		D631DAC02AEE92A800E6827D /* Build configuration list for PBXNativeTarget "DragonBall" */ = {
			isa = XCConfigurationList;
			buildConfigurations = (
				D631DAC12AEE92A800E6827D /* Debug */,
				D631DAC22AEE92A800E6827D /* Release */,
			);
			defaultConfigurationIsVisible = 0;
			defaultConfigurationName = Release;
		};
		D631DAC32AEE92A800E6827D /* Build configuration list for PBXNativeTarget "DragonBallTests" */ = {
			isa = XCConfigurationList;
			buildConfigurations = (
				D631DAC42AEE92A800E6827D /* Debug */,
				D631DAC52AEE92A800E6827D /* Release */,
			);
			defaultConfigurationIsVisible = 0;
			defaultConfigurationName = Release;
		};
		D631DAC62AEE92A800E6827D /* Build configuration list for PBXNativeTarget "DragonBallUITests" */ = {
			isa = XCConfigurationList;
			buildConfigurations = (
				D631DAC72AEE92A800E6827D /* Debug */,
				D631DAC82AEE92A800E6827D /* Release */,
			);
			defaultConfigurationIsVisible = 0;
			defaultConfigurationName = Release;
		};
/* End XCConfigurationList section */

/* Begin XCRemoteSwiftPackageReference section */
		D631DB082AEEB8E600E6827D /* XCRemoteSwiftPackageReference "keychain-swift" */ = {
			isa = XCRemoteSwiftPackageReference;
			repositoryURL = "https://github.com/evgenyneu/keychain-swift";
			requirement = {
				kind = upToNextMajorVersion;
				minimumVersion = 20.0.0;
			};
		};
		D631DB0B2AEEBA2E00E6827D /* XCRemoteSwiftPackageReference "Kingfisher" */ = {
			isa = XCRemoteSwiftPackageReference;
			repositoryURL = "https://github.com/onevcat/Kingfisher";
			requirement = {
				kind = upToNextMajorVersion;
				minimumVersion = 7.10.0;
			};
		};
/* End XCRemoteSwiftPackageReference section */

/* Begin XCSwiftPackageProductDependency section */
		D631DB092AEEB8E600E6827D /* KeychainSwift */ = {
			isa = XCSwiftPackageProductDependency;
			package = D631DB082AEEB8E600E6827D /* XCRemoteSwiftPackageReference "keychain-swift" */;
			productName = KeychainSwift;
		};
		D631DB0C2AEEBA2E00E6827D /* Kingfisher */ = {
			isa = XCSwiftPackageProductDependency;
			package = D631DB0B2AEEBA2E00E6827D /* XCRemoteSwiftPackageReference "Kingfisher" */;
			productName = Kingfisher;
		};
/* End XCSwiftPackageProductDependency section */

/* Begin XCVersionGroup section */
		D631DA9F2AEE92A700E6827D /* DragonBall.xcdatamodeld */ = {
			isa = XCVersionGroup;
			children = (
				D631DAA02AEE92A700E6827D /* DragonBall.xcdatamodel */,
			);
			currentVersion = D631DAA02AEE92A700E6827D /* DragonBall.xcdatamodel */;
			path = DragonBall.xcdatamodeld;
			sourceTree = "<group>";
			versionGroupType = wrapper.xcdatamodel;
		};
/* End XCVersionGroup section */
	};
	rootObject = D631DA8B2AEE92A700E6827D /* Project object */;
}
